
Microsoft Visual Studio Solution File, Format Version 12.00
# Visual Studio 14
VisualStudioVersion = 14.0.22823.1
MinimumVisualStudioVersion = 10.0.40219.1
Project("{FAE04EC0-301F-11D3-BF4B-00C04F79EFBC}") = "SmoothDemo.Agent", "SmoothDemo.Agent\SmoothDemo.Agent.csproj", "{00B6D15F-AB61-46BC-BB82-66EC1738CE86}"
EndProject
Project("{FAE04EC0-301F-11D3-BF4B-00C04F79EFBC}") = "SmoothDemo.UniversalClient", "SmoothDemo.UniversalClient\SmoothDemo.UniversalClient.csproj", "{55B02122-5CA4-4CFE-A209-AC1C5311F909}"
EndProject
Project("{FAE04EC0-301F-11D3-BF4B-00C04F79EFBC}") = "TestClient", "TestClient\TestClient.csproj", "{3B01E1AE-C0D5-482C-B58B-8E07569039FF}"
EndProject
Project("{FAE04EC0-301F-11D3-BF4B-00C04F79EFBC}") = "SmoothDemo.UniversalSwitcher", "SmoothDemo.UniversalSwitcher\SmoothDemo.UniversalSwitcher.csproj", "{ECC7BC3B-FCCC-4BAC-AE5C-ACFDF5C638FA}"
EndProject
Global
	GlobalSection(SolutionConfigurationPlatforms) = preSolution
		Debug|Any CPU = Debug|Any CPU
		Debug|ARM = Debug|ARM
		Debug|x64 = Debug|x64
		Debug|x86 = Debug|x86
		Release|Any CPU = Release|Any CPU
		Release|ARM = Release|ARM
		Release|x64 = Release|x64
		Release|x86 = Release|x86
	EndGlobalSection
	GlobalSection(ProjectConfigurationPlatforms) = postSolution
		{00B6D15F-AB61-46BC-BB82-66EC1738CE86}.Debug|Any CPU.ActiveCfg = Debug|Any CPU
		{00B6D15F-AB61-46BC-BB82-66EC1738CE86}.Debug|Any CPU.Build.0 = Debug|Any CPU
		{00B6D15F-AB61-46BC-BB82-66EC1738CE86}.Debug|ARM.ActiveCfg = Debug|Any CPU
		{00B6D15F-AB61-46BC-BB82-66EC1738CE86}.Debug|ARM.Build.0 = Debug|Any CPU
		{00B6D15F-AB61-46BC-BB82-66EC1738CE86}.Debug|x64.ActiveCfg = Debug|Any CPU
		{00B6D15F-AB61-46BC-BB82-66EC1738CE86}.Debug|x64.Build.0 = Debug|Any CPU
		{00B6D15F-AB61-46BC-BB82-66EC1738CE86}.Debug|x86.ActiveCfg = Debug|Any CPU
		{00B6D15F-AB61-46BC-BB82-66EC1738CE86}.Debug|x86.Build.0 = Debug|Any CPU
		{00B6D15F-AB61-46BC-BB82-66EC1738CE86}.Release|Any CPU.ActiveCfg = Release|Any CPU
		{00B6D15F-AB61-46BC-BB82-66EC1738CE86}.Release|Any CPU.Build.0 = Release|Any CPU
		{00B6D15F-AB61-46BC-BB82-66EC1738CE86}.Release|ARM.ActiveCfg = Release|Any CPU
		{00B6D15F-AB61-46BC-BB82-66EC1738CE86}.Release|ARM.Build.0 = Release|Any CPU
		{00B6D15F-AB61-46BC-BB82-66EC1738CE86}.Release|x64.ActiveCfg = Release|Any CPU
		{00B6D15F-AB61-46BC-BB82-66EC1738CE86}.Release|x64.Build.0 = Release|Any CPU
		{00B6D15F-AB61-46BC-BB82-66EC1738CE86}.Release|x86.ActiveCfg = Release|Any CPU
		{00B6D15F-AB61-46BC-BB82-66EC1738CE86}.Release|x86.Build.0 = Release|Any CPU
		{55B02122-5CA4-4CFE-A209-AC1C5311F909}.Debug|Any CPU.ActiveCfg = Debug|x86
		{55B02122-5CA4-4CFE-A209-AC1C5311F909}.Debug|Any CPU.Build.0 = Debug|x86
		{55B02122-5CA4-4CFE-A209-AC1C5311F909}.Debug|Any CPU.Deploy.0 = Debug|x86
		{55B02122-5CA4-4CFE-A209-AC1C5311F909}.Debug|ARM.ActiveCfg = Debug|ARM
		{55B02122-5CA4-4CFE-A209-AC1C5311F909}.Debug|ARM.Build.0 = Debug|ARM
		{55B02122-5CA4-4CFE-A209-AC1C5311F909}.Debug|ARM.Deploy.0 = Debug|ARM
		{55B02122-5CA4-4CFE-A209-AC1C5311F909}.Debug|x64.ActiveCfg = Debug|x64
		{55B02122-5CA4-4CFE-A209-AC1C5311F909}.Debug|x64.Build.0 = Debug|x64
		{55B02122-5CA4-4CFE-A209-AC1C5311F909}.Debug|x64.Deploy.0 = Debug|x64
		{55B02122-5CA4-4CFE-A209-AC1C5311F909}.Debug|x86.ActiveCfg = Debug|x86
		{55B02122-5CA4-4CFE-A209-AC1C5311F909}.Debug|x86.Build.0 = Debug|x86
		{55B02122-5CA4-4CFE-A209-AC1C5311F909}.Debug|x86.Deploy.0 = Debug|x86
		{55B02122-5CA4-4CFE-A209-AC1C5311F909}.Release|Any CPU.ActiveCfg = Release|x86
		{55B02122-5CA4-4CFE-A209-AC1C5311F909}.Release|ARM.ActiveCfg = Release|ARM
		{55B02122-5CA4-4CFE-A209-AC1C5311F909}.Release|ARM.Build.0 = Release|ARM
		{55B02122-5CA4-4CFE-A209-AC1C5311F909}.Release|ARM.Deploy.0 = Release|ARM
		{55B02122-5CA4-4CFE-A209-AC1C5311F909}.Release|x64.ActiveCfg = Release|x64
		{55B02122-5CA4-4CFE-A209-AC1C5311F909}.Release|x64.Build.0 = Release|x64
		{55B02122-5CA4-4CFE-A209-AC1C5311F909}.Release|x64.Deploy.0 = Release|x64
		{55B02122-5CA4-4CFE-A209-AC1C5311F909}.Release|x86.ActiveCfg = Release|x86
		{55B02122-5CA4-4CFE-A209-AC1C5311F909}.Release|x86.Build.0 = Release|x86
		{55B02122-5CA4-4CFE-A209-AC1C5311F909}.Release|x86.Deploy.0 = Release|x86
		{3B01E1AE-C0D5-482C-B58B-8E07569039FF}.Debug|Any CPU.ActiveCfg = Debug|Any CPU
		{3B01E1AE-C0D5-482C-B58B-8E07569039FF}.Debug|ARM.ActiveCfg = Debug|Any CPU
		{3B01E1AE-C0D5-482C-B58B-8E07569039FF}.Debug|ARM.Build.0 = Debug|Any CPU
		{3B01E1AE-C0D5-482C-B58B-8E07569039FF}.Debug|x64.ActiveCfg = Debug|Any CPU
		{3B01E1AE-C0D5-482C-B58B-8E07569039FF}.Debug|x64.Build.0 = Debug|Any CPU
		{3B01E1AE-C0D5-482C-B58B-8E07569039FF}.Debug|x86.ActiveCfg = Debug|Any CPU
		{3B01E1AE-C0D5-482C-B58B-8E07569039FF}.Debug|x86.Build.0 = Debug|Any CPU
		{3B01E1AE-C0D5-482C-B58B-8E07569039FF}.Release|Any CPU.ActiveCfg = Release|Any CPU
		{3B01E1AE-C0D5-482C-B58B-8E07569039FF}.Release|Any CPU.Build.0 = Release|Any CPU
		{3B01E1AE-C0D5-482C-B58B-8E07569039FF}.Release|ARM.ActiveCfg = Release|Any CPU
		{3B01E1AE-C0D5-482C-B58B-8E07569039FF}.Release|ARM.Build.0 = Release|Any CPU
		{3B01E1AE-C0D5-482C-B58B-8E07569039FF}.Release|x64.ActiveCfg = Release|Any CPU
		{3B01E1AE-C0D5-482C-B58B-8E07569039FF}.Release|x64.Build.0 = Release|Any CPU
		{3B01E1AE-C0D5-482C-B58B-8E07569039FF}.Release|x86.ActiveCfg = Release|Any CPU
		{3B01E1AE-C0D5-482C-B58B-8E07569039FF}.Release|x86.Build.0 = Release|Any CPU
		{ECC7BC3B-FCCC-4BAC-AE5C-ACFDF5C638FA}.Debug|Any CPU.ActiveCfg = Debug|x86
		{ECC7BC3B-FCCC-4BAC-AE5C-ACFDF5C638FA}.Debug|ARM.ActiveCfg = Debug|ARM
		{ECC7BC3B-FCCC-4BAC-AE5C-ACFDF5C638FA}.Debug|ARM.Build.0 = Debug|ARM
		{ECC7BC3B-FCCC-4BAC-AE5C-ACFDF5C638FA}.Debug|ARM.Deploy.0 = Debug|ARM
		{ECC7BC3B-FCCC-4BAC-AE5C-ACFDF5C638FA}.Debug|x64.ActiveCfg = Debug|x64
		{ECC7BC3B-FCCC-4BAC-AE5C-ACFDF5C638FA}.Debug|x64.Build.0 = Debug|x64
		{ECC7BC3B-FCCC-4BAC-AE5C-ACFDF5C638FA}.Debug|x64.Deploy.0 = Debug|x64
		{ECC7BC3B-FCCC-4BAC-AE5C-ACFDF5C638FA}.Debug|x86.ActiveCfg = Debug|x86
		{ECC7BC3B-FCCC-4BAC-AE5C-ACFDF5C638FA}.Debug|x86.Build.0 = Debug|x86
		{ECC7BC3B-FCCC-4BAC-AE5C-ACFDF5C638FA}.Debug|x86.Deploy.0 = Debug|x86
		{ECC7BC3B-FCCC-4BAC-AE5C-ACFDF5C638FA}.Release|Any CPU.ActiveCfg = Release|x86
		{ECC7BC3B-FCCC-4BAC-AE5C-ACFDF5C638FA}.Release|ARM.ActiveCfg = Release|ARM
		{ECC7BC3B-FCCC-4BAC-AE5C-ACFDF5C638FA}.Release|ARM.Build.0 = Release|ARM
		{ECC7BC3B-FCCC-4BAC-AE5C-ACFDF5C638FA}.Release|ARM.Deploy.0 = Release|ARM
		{ECC7BC3B-FCCC-4BAC-AE5C-ACFDF5C638FA}.Release|x64.ActiveCfg = Release|x64
		{ECC7BC3B-FCCC-4BAC-AE5C-ACFDF5C638FA}.Release|x64.Build.0 = Release|x64
		{ECC7BC3B-FCCC-4BAC-AE5C-ACFDF5C638FA}.Release|x64.Deploy.0 = Release|x64
		{ECC7BC3B-FCCC-4BAC-AE5C-ACFDF5C638FA}.Release|x86.ActiveCfg = Release|x86
		{ECC7BC3B-FCCC-4BAC-AE5C-ACFDF5C638FA}.Release|x86.Build.0 = Release|x86
		{ECC7BC3B-FCCC-4BAC-AE5C-ACFDF5C638FA}.Release|x86.Deploy.0 = Release|x86
	EndGlobalSection
	GlobalSection(SolutionProperties) = preSolution
		HideSolutionNode = FALSE
	EndGlobalSection
EndGlobal
